// !$*UTF8*$!
{
	archiveVersion = 1;
	classes = {
	};
	objectVersion = 77;
	objects = {

/* Begin PBXBuildFile section */
		D568D86D2DD1087C0071B1AA /* .gitignore in Resources */ = {isa = PBXBuildFile; fileRef = D568D86C2DD108730071B1AA /* .gitignore */; };
/* End PBXBuildFile section */

/* Begin PBXContainerItemProxy section */
		D568D8502DD107EA0071B1AA /* PBXContainerItemProxy */ = {
			isa = PBXContainerItemProxy;
			containerPortal = D568D8382DD107E90071B1AA /* Project object */;
			proxyType = 1;
			remoteGlobalIDString = D568D83F2DD107E90071B1AA;
			remoteInfo = RangeGames;
		};
		D568D85A2DD107EA0071B1AA /* PBXContainerItemProxy */ = {
			isa = PBXContainerItemProxy;
			containerPortal = D568D8382DD107E90071B1AA /* Project object */;
			proxyType = 1;
			remoteGlobalIDString = D568D83F2DD107E90071B1AA;
			remoteInfo = RangeGames;
		};
/* End PBXContainerItemProxy section */

/* Begin PBXFileReference section */
		D568D8402DD107E90071B1AA /* RangeGames.app */ = {isa = PBXFileReference; explicitFileType = wrapper.application; includeInIndex = 0; path = RangeGames.app; sourceTree = BUILT_PRODUCTS_DIR; };
		D568D84F2DD107EA0071B1AA /* RangeGamesTests.xctest */ = {isa = PBXFileReference; explicitFileType = wrapper.cfbundle; includeInIndex = 0; path = RangeGamesTests.xctest; sourceTree = BUILT_PRODUCTS_DIR; };
		D568D8592DD107EA0071B1AA /* RangeGamesUITests.xctest */ = {isa = PBXFileReference; explicitFileType = wrapper.cfbundle; includeInIndex = 0; path = RangeGamesUITests.xctest; sourceTree = BUILT_PRODUCTS_DIR; };
		D568D86C2DD108730071B1AA /* .gitignore */ = {isa = PBXFileReference; lastKnownFileType = text; path = .gitignore; sourceTree = "<group>"; };
/* End PBXFileReference section */

/* Begin PBXFileSystemSynchronizedRootGroup section */
		D568D8422DD107E90071B1AA /* RangeGames */ = {
			isa = PBXFileSystemSynchronizedRootGroup;
			path = RangeGames;
			sourceTree = "<group>";
		};
		D568D8522DD107EA0071B1AA /* RangeGamesTests */ = {
			isa = PBXFileSystemSynchronizedRootGroup;
			path = RangeGamesTests;
			sourceTree = "<group>";
		};
		D568D85C2DD107EA0071B1AA /* RangeGamesUITests */ = {
			isa = PBXFileSystemSynchronizedRootGroup;
			path = RangeGamesUITests;
			sourceTree = "<group>";
		};
/* End PBXFileSystemSynchronizedRootGroup section */

/* Begin PBXFrameworksBuildPhase section */
		D568D83D2DD107E90071B1AA /* Frameworks */ = {
			isa = PBXFrameworksBuildPhase;
			buildActionMask = 2147483647;
			files = (
			);
			runOnlyForDeploymentPostprocessing = 0;
		};
		D568D84C2DD107EA0071B1AA /* Frameworks */ = {
			isa = PBXFrameworksBuildPhase;
			buildActionMask = 2147483647;
			files = (
			);
			runOnlyForDeploymentPostprocessing = 0;
		};
		D568D8562DD107EA0071B1AA /* Frameworks */ = {
			isa = PBXFrameworksBuildPhase;
			buildActionMask = 2147483647;
			files = (
			);
			runOnlyForDeploymentPostprocessing = 0;
		};
/* End PBXFrameworksBuildPhase section */

/* Begin PBXGroup section */
		D568D8372DD107E90071B1AA = {
			isa = PBXGroup;
			children = (
				D568D86C2DD108730071B1AA /* .gitignore */,
				D568D8422DD107E90071B1AA /* RangeGames */,
				D568D8522DD107EA0071B1AA /* RangeGamesTests */,
				D568D85C2DD107EA0071B1AA /* RangeGamesUITests */,
				D568D8412DD107E90071B1AA /* Products */,
			);
			sourceTree = "<group>";
		};
		D568D8412DD107E90071B1AA /* Products */ = {
			isa = PBXGroup;
			children = (
				D568D8402DD107E90071B1AA /* RangeGames.app */,
				D568D84F2DD107EA0071B1AA /* RangeGamesTests.xctest */,
				D568D8592DD107EA0071B1AA /* RangeGamesUITests.xctest */,
			);
			name = Products;
			sourceTree = "<group>";
		};
/* End PBXGroup section */

/* Begin PBXNativeTarget section */
		D568D83F2DD107E90071B1AA /* RangeGames */ = {
			isa = PBXNativeTarget;
			buildConfigurationList = D568D8632DD107EA0071B1AA /* Build configuration list for PBXNativeTarget "RangeGames" */;
			buildPhases = (
				D568D83C2DD107E90071B1AA /* Sources */,
				D568D83D2DD107E90071B1AA /* Frameworks */,
				D568D83E2DD107E90071B1AA /* Resources */,
			);
			buildRules = (
			);
			dependencies = (
			);
			fileSystemSynchronizedGroups = (
				D568D8422DD107E90071B1AA /* RangeGames */,
			);
			name = RangeGames;
			packageProductDependencies = (
			);
			productName = RangeGames;
			productReference = D568D8402DD107E90071B1AA /* RangeGames.app */;
			productType = "com.apple.product-type.application";
		};
		D568D84E2DD107EA0071B1AA /* RangeGamesTests */ = {
			isa = PBXNativeTarget;
			buildConfigurationList = D568D8662DD107EA0071B1AA /* Build configuration list for PBXNativeTarget "RangeGamesTests" */;
			buildPhases = (
				D568D84B2DD107EA0071B1AA /* Sources */,
				D568D84C2DD107EA0071B1AA /* Frameworks */,
				D568D84D2DD107EA0071B1AA /* Resources */,
			);
			buildRules = (
			);
			dependencies = (
				D568D8512DD107EA0071B1AA /* PBXTargetDependency */,
			);
			fileSystemSynchronizedGroups = (
				D568D8522DD107EA0071B1AA /* RangeGamesTests */,
			);
			name = RangeGamesTests;
			packageProductDependencies = (
			);
			productName = RangeGamesTests;
			productReference = D568D84F2DD107EA0071B1AA /* RangeGamesTests.xctest */;
			productType = "com.apple.product-type.bundle.unit-test";
		};
		D568D8582DD107EA0071B1AA /* RangeGamesUITests */ = {
			isa = PBXNativeTarget;
			buildConfigurationList = D568D8692DD107EA0071B1AA /* Build configuration list for PBXNativeTarget "RangeGamesUITests" */;
			buildPhases = (
				D568D8552DD107EA0071B1AA /* Sources */,
				D568D8562DD107EA0071B1AA /* Frameworks */,
				D568D8572DD107EA0071B1AA /* Resources */,
			);
			buildRules = (
			);
			dependencies = (
				D568D85B2DD107EA0071B1AA /* PBXTargetDependency */,
			);
			fileSystemSynchronizedGroups = (
				D568D85C2DD107EA0071B1AA /* RangeGamesUITests */,
			);
			name = RangeGamesUITests;
			packageProductDependencies = (
			);
			productName = RangeGamesUITests;
			productReference = D568D8592DD107EA0071B1AA /* RangeGamesUITests.xctest */;
			productType = "com.apple.product-type.bundle.ui-testing";
		};
/* End PBXNativeTarget section */

/* Begin PBXProject section */
		D568D8382DD107E90071B1AA /* Project object */ = {
			isa = PBXProject;
			attributes = {
				BuildIndependentTargetsInParallel = 1;
				LastSwiftUpdateCheck = 1630;
				LastUpgradeCheck = 1630;
				TargetAttributes = {
					D568D83F2DD107E90071B1AA = {
						CreatedOnToolsVersion = 16.3;
					};
					D568D84E2DD107EA0071B1AA = {
						CreatedOnToolsVersion = 16.3;
						TestTargetID = D568D83F2DD107E90071B1AA;
					};
					D568D8582DD107EA0071B1AA = {
						CreatedOnToolsVersion = 16.3;
						TestTargetID = D568D83F2DD107E90071B1AA;
					};
				};
			};
			buildConfigurationList = D568D83B2DD107E90071B1AA /* Build configuration list for PBXProject "RangeGames" */;
			developmentRegion = en;
			hasScannedForEncodings = 0;
			knownRegions = (
				en,
				Base,
			);
			mainGroup = D568D8372DD107E90071B1AA;
			minimizedProjectReferenceProxies = 1;
			preferredProjectObjectVersion = 77;
			productRefGroup = D568D8412DD107E90071B1AA /* Products */;
			projectDirPath = "";
			projectRoot = "";
			targets = (
				D568D83F2DD107E90071B1AA /* RangeGames */,
				D568D84E2DD107EA0071B1AA /* RangeGamesTests */,
				D568D8582DD107EA0071B1AA /* RangeGamesUITests */,
			);
		};
/* End PBXProject section */

/* Begin PBXResourcesBuildPhase section */
		D568D83E2DD107E90071B1AA /* Resources */ = {
			isa = PBXResourcesBuildPhase;
			buildActionMask = 2147483647;
			files = (
				D568D86D2DD1087C0071B1AA /* .gitignore in Resources */,
			);
			runOnlyForDeploymentPostprocessing = 0;
		};
		D568D84D2DD107EA0071B1AA /* Resources */ = {
			isa = PBXResourcesBuildPhase;
			buildActionMask = 2147483647;
			files = (
			);
			runOnlyForDeploymentPostprocessing = 0;
		};
		D568D8572DD107EA0071B1AA /* Resources */ = {
			isa = PBXResourcesBuildPhase;
			buildActionMask = 2147483647;
			files = (
			);
			runOnlyForDeploymentPostprocessing = 0;
		};
/* End PBXResourcesBuildPhase section */

/* Begin PBXSourcesBuildPhase section */
		D568D83C2DD107E90071B1AA /* Sources */ = {
			isa = PBXSourcesBuildPhase;
			buildActionMask = 2147483647;
			files = (
			);
			runOnlyForDeploymentPostprocessing = 0;
		};
		D568D84B2DD107EA0071B1AA /* Sources */ = {
			isa = PBXSourcesBuildPhase;
			buildActionMask = 2147483647;
			files = (
			);
			runOnlyForDeploymentPostprocessing = 0;
		};
		D568D8552DD107EA0071B1AA /* Sources */ = {
			isa = PBXSourcesBuildPhase;
			buildActionMask = 2147483647;
			files = (
			);
			runOnlyForDeploymentPostprocessing = 0;
		};
/* End PBXSourcesBuildPhase section */

/* Begin PBXTargetDependency section */
		D568D8512DD107EA0071B1AA /* PBXTargetDependency */ = {
			isa = PBXTargetDependency;
			target = D568D83F2DD107E90071B1AA /* RangeGames */;
			targetProxy = D568D8502DD107EA0071B1AA /* PBXContainerItemProxy */;
		};
		D568D85B2DD107EA0071B1AA /* PBXTargetDependency */ = {
			isa = PBXTargetDependency;
			target = D568D83F2DD107E90071B1AA /* RangeGames */;
			targetProxy = D568D85A2DD107EA0071B1AA /* PBXContainerItemProxy */;
		};
/* End PBXTargetDependency section */

/* Begin XCBuildConfiguration section */
		D568D8612DD107EA0071B1AA /* Debug */ = {
			isa = XCBuildConfiguration;
			buildSettings = {
				ALWAYS_SEARCH_USER_PATHS = NO;
				ASSETCATALOG_COMPILER_GENERATE_SWIFT_ASSET_SYMBOL_EXTENSIONS = YES;
				CLANG_ANALYZER_NONNULL = YES;
				CLANG_ANALYZER_NUMBER_OBJECT_CONVERSION = YES_AGGRESSIVE;
				CLANG_CXX_LANGUAGE_STANDARD = "gnu++20";
				CLANG_ENABLE_MODULES = YES;
				CLANG_ENABLE_OBJC_ARC = YES;
				CLANG_ENABLE_OBJC_WEAK = YES;
				CLANG_WARN_BLOCK_CAPTURE_AUTORELEASING = YES;
				CLANG_WARN_BOOL_CONVERSION = YES;
				CLANG_WARN_COMMA = YES;
				CLANG_WARN_CONSTANT_CONVERSION = YES;
				CLANG_WARN_DEPRECATED_OBJC_IMPLEMENTATIONS = YES;
				CLANG_WARN_DIRECT_OBJC_ISA_USAGE = YES_ERROR;
				CLANG_WARN_DOCUMENTATION_COMMENTS = YES;
				CLANG_WARN_EMPTY_BODY = YES;
				CLANG_WARN_ENUM_CONVERSION = YES;
				CLANG_WARN_INFINITE_RECURSION = YES;
				CLANG_WARN_INT_CONVERSION = YES;
				CLANG_WARN_NON_LITERAL_NULL_CONVERSION = YES;
				CLANG_WARN_OBJC_IMPLICIT_RETAIN_SELF = YES;
				CLANG_WARN_OBJC_LITERAL_CONVERSION = YES;
				CLANG_WARN_OBJC_ROOT_CLASS = YES_ERROR;
				CLANG_WARN_QUOTED_INCLUDE_IN_FRAMEWORK_HEADER = YES;
				CLANG_WARN_RANGE_LOOP_ANALYSIS = YES;
				CLANG_WARN_STRICT_PROTOTYPES = YES;
				CLANG_WARN_SUSPICIOUS_MOVE = YES;
				CLANG_WARN_UNGUARDED_AVAILABILITY = YES_AGGRESSIVE;
				CLANG_WARN_UNREACHABLE_CODE = YES;
				CLANG_WARN__DUPLICATE_METHOD_MATCH = YES;
				COPY_PHASE_STRIP = NO;
				DEBUG_INFORMATION_FORMAT = dwarf;
				DEVELOPMENT_TEAM = 3JP2UZRR59;
				ENABLE_STRICT_OBJC_MSGSEND = YES;
				ENABLE_TESTABILITY = YES;
				ENABLE_USER_SCRIPT_SANDBOXING = YES;
				GCC_C_LANGUAGE_STANDARD = gnu17;
				GCC_DYNAMIC_NO_PIC = NO;
				GCC_NO_COMMON_BLOCKS = YES;
				GCC_OPTIMIZATION_LEVEL = 0;
				GCC_PREPROCESSOR_DEFINITIONS = (
					"DEBUG=1",
					"$(inherited)",
				);
				GCC_WARN_64_TO_32_BIT_CONVERSION = YES;
				GCC_WARN_ABOUT_RETURN_TYPE = YES_ERROR;
				GCC_WARN_UNDECLARED_SELECTOR = YES;
				GCC_WARN_UNINITIALIZED_AUTOS = YES_AGGRESSIVE;
				GCC_WARN_UNUSED_FUNCTION = YES;
				GCC_WARN_UNUSED_VARIABLE = YES;
				IPHONEOS_DEPLOYMENT_TARGET = 18.4;
				LOCALIZATION_PREFERS_STRING_CATALOGS = YES;
				MTL_ENABLE_DEBUG_INFO = INCLUDE_SOURCE;
				MTL_FAST_MATH = YES;
				ONLY_ACTIVE_ARCH = YES;
				SDKROOT = iphoneos;
				SWIFT_ACTIVE_COMPILATION_CONDITIONS = "DEBUG $(inherited)";
				SWIFT_OPTIMIZATION_LEVEL = "-Onone";
			};
			name = Debug;
		};
		D568D8622DD107EA0071B1AA /* Release */ = {
			isa = XCBuildConfiguration;
			buildSettings = {
				ALWAYS_SEARCH_USER_PATHS = NO;
				ASSETCATALOG_COMPILER_GENERATE_SWIFT_ASSET_SYMBOL_EXTENSIONS = YES;
				CLANG_ANALYZER_NONNULL = YES;
				CLANG_ANALYZER_NUMBER_OBJECT_CONVERSION = YES_AGGRESSIVE;
				CLANG_CXX_LANGUAGE_STANDARD = "gnu++20";
				CLANG_ENABLE_MODULES = YES;
				CLANG_ENABLE_OBJC_ARC = YES;
				CLANG_ENABLE_OBJC_WEAK = YES;
				CLANG_WARN_BLOCK_CAPTURE_AUTORELEASING = YES;
				CLANG_WARN_BOOL_CONVERSION = YES;
				CLANG_WARN_COMMA = YES;
				CLANG_WARN_CONSTANT_CONVERSION = YES;
				CLANG_WARN_DEPRECATED_OBJC_IMPLEMENTATIONS = YES;
				CLANG_WARN_DIRECT_OBJC_ISA_USAGE = YES_ERROR;
				CLANG_WARN_DOCUMENTATION_COMMENTS = YES;
				CLANG_WARN_EMPTY_BODY = YES;
				CLANG_WARN_ENUM_CONVERSION = YES;
				CLANG_WARN_INFINITE_RECURSION = YES;
				CLANG_WARN_INT_CONVERSION = YES;
				CLANG_WARN_NON_LITERAL_NULL_CONVERSION = YES;
				CLANG_WARN_OBJC_IMPLICIT_RETAIN_SELF = YES;
				CLANG_WARN_OBJC_LITERAL_CONVERSION = YES;
				CLANG_WARN_OBJC_ROOT_CLASS = YES_ERROR;
				CLANG_WARN_QUOTED_INCLUDE_IN_FRAMEWORK_HEADER = YES;
				CLANG_WARN_RANGE_LOOP_ANALYSIS = YES;
				CLANG_WARN_STRICT_PROTOTYPES = YES;
				CLANG_WARN_SUSPICIOUS_MOVE = YES;
				CLANG_WARN_UNGUARDED_AVAILABILITY = YES_AGGRESSIVE;
				CLANG_WARN_UNREACHABLE_CODE = YES;
				CLANG_WARN__DUPLICATE_METHOD_MATCH = YES;
				COPY_PHASE_STRIP = NO;
				DEBUG_INFORMATION_FORMAT = "dwarf-with-dsym";
				DEVELOPMENT_TEAM = 3JP2UZRR59;
				ENABLE_NS_ASSERTIONS = NO;
				ENABLE_STRICT_OBJC_MSGSEND = YES;
				ENABLE_USER_SCRIPT_SANDBOXING = YES;
				GCC_C_LANGUAGE_STANDARD = gnu17;
				GCC_NO_COMMON_BLOCKS = YES;
				GCC_WARN_64_TO_32_BIT_CONVERSION = YES;
				GCC_WARN_ABOUT_RETURN_TYPE = YES_ERROR;
				GCC_WARN_UNDECLARED_SELECTOR = YES;
				GCC_WARN_UNINITIALIZED_AUTOS = YES_AGGRESSIVE;
				GCC_WARN_UNUSED_FUNCTION = YES;
				GCC_WARN_UNUSED_VARIABLE = YES;
				IPHONEOS_DEPLOYMENT_TARGET = 18.4;
				LOCALIZATION_PREFERS_STRING_CATALOGS = YES;
				MTL_ENABLE_DEBUG_INFO = NO;
				MTL_FAST_MATH = YES;
				SDKROOT = iphoneos;
				SWIFT_COMPILATION_MODE = wholemodule;
				VALIDATE_PRODUCT = YES;
			};
			name = Release;
		};
		D568D8642DD107EA0071B1AA /* Debug */ = {
			isa = XCBuildConfiguration;
			buildSettings = {
				ASSETCATALOG_COMPILER_APPICON_NAME = AppIcon;
				ASSETCATALOG_COMPILER_GLOBAL_ACCENT_COLOR_NAME = AccentColor;
				CODE_SIGN_STYLE = Automatic;
				CURRENT_PROJECT_VERSION = 1;
				DEVELOPMENT_TEAM = 3JP2UZRR59;
				ENABLE_PREVIEWS = YES;
				GENERATE_INFOPLIST_FILE = YES;
				INFOPLIST_KEY_UIApplicationSceneManifest_Generation = YES;
				INFOPLIST_KEY_UIApplicationSupportsIndirectInputEvents = YES;
				INFOPLIST_KEY_UILaunchScreen_Generation = YES;
				INFOPLIST_KEY_UISupportedInterfaceOrientations_iPad = "UIInterfaceOrientationPortrait UIInterfaceOrientationPortraitUpsideDown UIInterfaceOrientationLandscapeLeft UIInterfaceOrientationLandscapeRight";
				INFOPLIST_KEY_UISupportedInterfaceOrientations_iPhone = "UIInterfaceOrientationPortrait UIInterfaceOrientationLandscapeLeft UIInterfaceOrientationLandscapeRight";
				LD_RUNPATH_SEARCH_PATHS = (
					"$(inherited)",
					"@executable_path/Frameworks",
				);
				MARKETING_VERSION = 1.0;
				PRODUCT_BUNDLE_IDENTIFIER = MysticalGolf.RangeGames;
				PRODUCT_NAME = "$(TARGET_NAME)";
				SWIFT_EMIT_LOC_STRINGS = YES;
				SWIFT_VERSION = 5.0;
				TARGETED_DEVICE_FAMILY = "1,2";
			};
			name = Debug;
		};
		D568D8652DD107EA0071B1AA /* Release */ = {
			isa = XCBuildConfiguration;
			buildSettings = {
				ASSETCATALOG_COMPILER_APPICON_NAME = AppIcon;
				ASSETCATALOG_COMPILER_GLOBAL_ACCENT_COLOR_NAME = AccentColor;
				CODE_SIGN_STYLE = Automatic;
				CURRENT_PROJECT_VERSION = 1;
				DEVELOPMENT_TEAM = 3JP2UZRR59;
				ENABLE_PREVIEWS = YES;
				GENERATE_INFOPLIST_FILE = YES;
				INFOPLIST_KEY_UIApplicationSceneManifest_Generation = YES;
				INFOPLIST_KEY_UIApplicationSupportsIndirectInputEvents = YES;
				INFOPLIST_KEY_UILaunchScreen_Generation = YES;
				INFOPLIST_KEY_UISupportedInterfaceOrientations_iPad = "UIInterfaceOrientationPortrait UIInterfaceOrientationPortraitUpsideDown UIInterfaceOrientationLandscapeLeft UIInterfaceOrientationLandscapeRight";
				INFOPLIST_KEY_UISupportedInterfaceOrientations_iPhone = "UIInterfaceOrientationPortrait UIInterfaceOrientationLandscapeLeft UIInterfaceOrientationLandscapeRight";
				LD_RUNPATH_SEARCH_PATHS = (
					"$(inherited)",
					"@executable_path/Frameworks",
				);
				MARKETING_VERSION = 1.0;
				PRODUCT_BUNDLE_IDENTIFIER = MysticalGolf.RangeGames;
				PRODUCT_NAME = "$(TARGET_NAME)";
				SWIFT_EMIT_LOC_STRINGS = YES;
				SWIFT_VERSION = 5.0;
				TARGETED_DEVICE_FAMILY = "1,2";
			};
			name = Release;
		};
		D568D8672DD107EA0071B1AA /* Debug */ = {
			isa = XCBuildConfiguration;
			buildSettings = {
				BUNDLE_LOADER = "$(TEST_HOST)";
				CODE_SIGN_STYLE = Automatic;
				CURRENT_PROJECT_VERSION = 1;
				DEVELOPMENT_TEAM = 3JP2UZRR59;
				GENERATE_INFOPLIST_FILE = YES;
				IPHONEOS_DEPLOYMENT_TARGET = 18.4;
				MARKETING_VERSION = 1.0;
				PRODUCT_BUNDLE_IDENTIFIER = MysticalGolf.RangeGamesTests;
				PRODUCT_NAME = "$(TARGET_NAME)";
				SWIFT_EMIT_LOC_STRINGS = NO;
				SWIFT_VERSION = 5.0;
				TARGETED_DEVICE_FAMILY = "1,2";
				TEST_HOST = "$(BUILT_PRODUCTS_DIR)/RangeGames.app/$(BUNDLE_EXECUTABLE_FOLDER_PATH)/RangeGames";
			};
			name = Debug;
		};
		D568D8682DD107EA0071B1AA /* Release */ = {
			isa = XCBuildConfiguration;
			buildSettings = {
				BUNDLE_LOADER = "$(TEST_HOST)";
				CODE_SIGN_STYLE = Automatic;
				CURRENT_PROJECT_VERSION = 1;
				DEVELOPMENT_TEAM = 3JP2UZRR59;
				GENERATE_INFOPLIST_FILE = YES;
				IPHONEOS_DEPLOYMENT_TARGET = 18.4;
				MARKETING_VERSION = 1.0;
				PRODUCT_BUNDLE_IDENTIFIER = MysticalGolf.RangeGamesTests;
				PRODUCT_NAME = "$(TARGET_NAME)";
				SWIFT_EMIT_LOC_STRINGS = NO;
				SWIFT_VERSION = 5.0;
				TARGETED_DEVICE_FAMILY = "1,2";
				TEST_HOST = "$(BUILT_PRODUCTS_DIR)/RangeGames.app/$(BUNDLE_EXECUTABLE_FOLDER_PATH)/RangeGames";
			};
			name = Release;
		};
		D568D86A2DD107EA0071B1AA /* Debug */ = {
			isa = XCBuildConfiguration;
			buildSettings = {
				CODE_SIGN_STYLE = Automatic;
				CURRENT_PROJECT_VERSION = 1;
				DEVELOPMENT_TEAM = 3JP2UZRR59;
				GENERATE_INFOPLIST_FILE = YES;
				MARKETING_VERSION = 1.0;
				PRODUCT_BUNDLE_IDENTIFIER = MysticalGolf.RangeGamesUITests;
				PRODUCT_NAME = "$(TARGET_NAME)";
				SWIFT_EMIT_LOC_STRINGS = NO;
				SWIFT_VERSION = 5.0;
				TARGETED_DEVICE_FAMILY = "1,2";
				TEST_TARGET_NAME = RangeGames;
			};
			name = Debug;
		};
		D568D86B2DD107EA0071B1AA /* Release */ = {
			isa = XCBuildConfiguration;
			buildSettings = {
				CODE_SIGN_STYLE = Automatic;
				CURRENT_PROJECT_VERSION = 1;
				DEVELOPMENT_TEAM = 3JP2UZRR59;
				GENERATE_INFOPLIST_FILE = YES;
				MARKETING_VERSION = 1.0;
				PRODUCT_BUNDLE_IDENTIFIER = MysticalGolf.RangeGamesUITests;
				PRODUCT_NAME = "$(TARGET_NAME)";
				SWIFT_EMIT_LOC_STRINGS = NO;
				SWIFT_VERSION = 5.0;
				TARGETED_DEVICE_FAMILY = "1,2";
				TEST_TARGET_NAME = RangeGames;
			};
			name = Release;
		};
/* End XCBuildConfiguration section */

/* Begin XCConfigurationList section */
		D568D83B2DD107E90071B1AA /* Build configuration list for PBXProject "RangeGames" */ = {
			isa = XCConfigurationList;
			buildConfigurations = (
				D568D8612DD107EA0071B1AA /* Debug */,
				D568D8622DD107EA0071B1AA /* Release */,
			);
			defaultConfigurationIsVisible = 0;
			defaultConfigurationName = Release;
		};
		D568D8632DD107EA0071B1AA /* Build configuration list for PBXNativeTarget "RangeGames" */ = {
			isa = XCConfigurationList;
			buildConfigurations = (
				D568D8642DD107EA0071B1AA /* Debug */,
				D568D8652DD107EA0071B1AA /* Release */,
			);
			defaultConfigurationIsVisible = 0;
			defaultConfigurationName = Release;
		};
		D568D8662DD107EA0071B1AA /* Build configuration list for PBXNativeTarget "RangeGamesTests" */ = {
			isa = XCConfigurationList;
			buildConfigurations = (
				D568D8672DD107EA0071B1AA /* Debug */,
				D568D8682DD107EA0071B1AA /* Release */,
			);
			defaultConfigurationIsVisible = 0;
			defaultConfigurationName = Release;
		};
		D568D8692DD107EA0071B1AA /* Build configuration list for PBXNativeTarget "RangeGamesUITests" */ = {
			isa = XCConfigurationList;
			buildConfigurations = (
				D568D86A2DD107EA0071B1AA /* Debug */,
				D568D86B2DD107EA0071B1AA /* Release */,
			);
			defaultConfigurationIsVisible = 0;
			defaultConfigurationName = Release;
		};
/* End XCConfigurationList section */
	};
	rootObject = D568D8382DD107E90071B1AA /* Project object */;
}
